// !$*UTF8*$!
{
	archiveVersion = 1;
	classes = {
	};
	objectVersion = 56;
	objects = {

/* Begin PBXBuildFile section */
		F158BDB12B4E4426009903F2 /* UIImageTransformer.swift in Sources */ = {isa = PBXBuildFile; fileRef = F158BDB02B4E4426009903F2 /* UIImageTransformer.swift */; };
		F158BDB82B4E5565009903F2 /* HeroEntity.swift in Sources */ = {isa = PBXBuildFile; fileRef = F158BDB72B4E5565009903F2 /* HeroEntity.swift */; };
		F158BDBA2B509AE8009903F2 /* HeroAnnotationEntity.swift in Sources */ = {isa = PBXBuildFile; fileRef = F158BDB92B509AE8009903F2 /* HeroAnnotationEntity.swift */; };
		F1B44DB32B4617000014EDA9 /* HerosListCell.xib in Resources */ = {isa = PBXBuildFile; fileRef = F1B44DB22B4617000014EDA9 /* HerosListCell.xib */; };
		F1B44DB52B4617090014EDA9 /* HerosListCell.swift in Sources */ = {isa = PBXBuildFile; fileRef = F1B44DB42B4617090014EDA9 /* HerosListCell.swift */; };
		F1B44DB72B4621500014EDA9 /* HeroAnnotation.swift in Sources */ = {isa = PBXBuildFile; fileRef = F1B44DB62B4621500014EDA9 /* HeroAnnotation.swift */; };
		F1B44DB92B4626B80014EDA9 /* HeroLocation.swift in Sources */ = {isa = PBXBuildFile; fileRef = F1B44DB82B4626B80014EDA9 /* HeroLocation.swift */; };
		F1CDFF2A2B349D2A00132C85 /* AppDelegate.swift in Sources */ = {isa = PBXBuildFile; fileRef = F1CDFF292B349D2A00132C85 /* AppDelegate.swift */; };
		F1CDFF2C2B349D2A00132C85 /* SceneDelegate.swift in Sources */ = {isa = PBXBuildFile; fileRef = F1CDFF2B2B349D2A00132C85 /* SceneDelegate.swift */; };
		F1CDFF342B349D2A00132C85 /* practicaiOSAvanzado.xcdatamodeld in Sources */ = {isa = PBXBuildFile; fileRef = F1CDFF322B349D2A00132C85 /* practicaiOSAvanzado.xcdatamodeld */; };
		F1CDFF362B349D2B00132C85 /* Assets.xcassets in Resources */ = {isa = PBXBuildFile; fileRef = F1CDFF352B349D2B00132C85 /* Assets.xcassets */; };
		F1CDFF392B349D2B00132C85 /* LaunchScreen.storyboard in Resources */ = {isa = PBXBuildFile; fileRef = F1CDFF372B349D2B00132C85 /* LaunchScreen.storyboard */; };
		F1CDFF442B349D2C00132C85 /* PracticaiOSAvanzadoTests.swift in Sources */ = {isa = PBXBuildFile; fileRef = F1CDFF432B349D2C00132C85 /* PracticaiOSAvanzadoTests.swift */; };
		F1CDFF4E2B349D2C00132C85 /* practicaiOSAvanzadoTests.swift in Sources */ = {isa = PBXBuildFile; fileRef = F1CDFF4D2B349D2C00132C85 /* practicaiOSAvanzadoTests.swift */; };
		F1CDFF502B349D2C00132C85 /* practicaiOSAvanzadoUITestsLaunchTests.swift in Sources */ = {isa = PBXBuildFile; fileRef = F1CDFF4F2B349D2C00132C85 /* practicaiOSAvanzadoUITestsLaunchTests.swift */; };
		F1CDFF672B34B88D00132C85 /* HerosList.storyboard in Resources */ = {isa = PBXBuildFile; fileRef = F1CDFF662B34B88D00132C85 /* HerosList.storyboard */; };
		F1CDFF692B34B89C00132C85 /* HerosListViewController.swift in Sources */ = {isa = PBXBuildFile; fileRef = F1CDFF682B34B89C00132C85 /* HerosListViewController.swift */; };
		F1CDFF782B34BFA800132C85 /* DragonBallZNetwork.swift in Sources */ = {isa = PBXBuildFile; fileRef = F1CDFF772B34BFA800132C85 /* DragonBallZNetwork.swift */; };
		F1CDFF7B2B34C46E00132C85 /* KeychainSwift in Frameworks */ = {isa = PBXBuildFile; productRef = F1CDFF7A2B34C46E00132C85 /* KeychainSwift */; };
		F1CDFF7D2B34C49700132C85 /* Keychain.swift in Sources */ = {isa = PBXBuildFile; fileRef = F1CDFF7C2B34C49700132C85 /* Keychain.swift */; };
		F1CDFF822B34D94400132C85 /* Hero.swift in Sources */ = {isa = PBXBuildFile; fileRef = F1CDFF812B34D94400132C85 /* Hero.swift */; };
		F1CDFF8F2B3509A800132C85 /* LoginViewController.swift in Sources */ = {isa = PBXBuildFile; fileRef = F1CDFF8E2B3509A800132C85 /* LoginViewController.swift */; };
		F1CDFF922B35D58E00132C85 /* HerosListViewModel.swift in Sources */ = {isa = PBXBuildFile; fileRef = F1CDFF912B35D58E00132C85 /* HerosListViewModel.swift */; };
		F1CDFF952B35D90A00132C85 /* LoginViewModel.swift in Sources */ = {isa = PBXBuildFile; fileRef = F1CDFF942B35D90A00132C85 /* LoginViewModel.swift */; };
		F1CDFF972B379D0A00132C85 /* DataBase.swift in Sources */ = {isa = PBXBuildFile; fileRef = F1CDFF962B379D0A00132C85 /* DataBase.swift */; };
		F1CDFFAA2B3A4D9B00132C85 /* Login.storyboard in Resources */ = {isa = PBXBuildFile; fileRef = F1CDFFA92B3A4D9B00132C85 /* Login.storyboard */; };
/* End PBXBuildFile section */

/* Begin PBXContainerItemProxy section */
		F1CDFF402B349D2C00132C85 /* PBXContainerItemProxy */ = {
			isa = PBXContainerItemProxy;
			containerPortal = F1CDFF1E2B349D2A00132C85 /* Project object */;
			proxyType = 1;
			remoteGlobalIDString = F1CDFF252B349D2A00132C85;
			remoteInfo = "práctica-iOSAvanzado";
		};
		F1CDFF4A2B349D2C00132C85 /* PBXContainerItemProxy */ = {
			isa = PBXContainerItemProxy;
			containerPortal = F1CDFF1E2B349D2A00132C85 /* Project object */;
			proxyType = 1;
			remoteGlobalIDString = F1CDFF252B349D2A00132C85;
			remoteInfo = "práctica-iOSAvanzado";
		};
/* End PBXContainerItemProxy section */

/* Begin PBXFileReference section */
		F158BDB02B4E4426009903F2 /* UIImageTransformer.swift */ = {isa = PBXFileReference; lastKnownFileType = sourcecode.swift; path = UIImageTransformer.swift; sourceTree = "<group>"; };
		F158BDB72B4E5565009903F2 /* HeroEntity.swift */ = {isa = PBXFileReference; lastKnownFileType = sourcecode.swift; path = HeroEntity.swift; sourceTree = "<group>"; };
		F158BDB92B509AE8009903F2 /* HeroAnnotationEntity.swift */ = {isa = PBXFileReference; lastKnownFileType = sourcecode.swift; path = HeroAnnotationEntity.swift; sourceTree = "<group>"; };
		F1B44DB22B4617000014EDA9 /* HerosListCell.xib */ = {isa = PBXFileReference; fileEncoding = 4; lastKnownFileType = file.xib; path = HerosListCell.xib; sourceTree = "<group>"; };
		F1B44DB42B4617090014EDA9 /* HerosListCell.swift */ = {isa = PBXFileReference; fileEncoding = 4; lastKnownFileType = sourcecode.swift; path = HerosListCell.swift; sourceTree = "<group>"; };
		F1B44DB62B4621500014EDA9 /* HeroAnnotation.swift */ = {isa = PBXFileReference; lastKnownFileType = sourcecode.swift; path = HeroAnnotation.swift; sourceTree = "<group>"; };
		F1B44DB82B4626B80014EDA9 /* HeroLocation.swift */ = {isa = PBXFileReference; lastKnownFileType = sourcecode.swift; path = HeroLocation.swift; sourceTree = "<group>"; };
		F1CDFF262B349D2A00132C85 /* practicaiOSAvanzado.app */ = {isa = PBXFileReference; explicitFileType = wrapper.application; includeInIndex = 0; path = practicaiOSAvanzado.app; sourceTree = BUILT_PRODUCTS_DIR; };
		F1CDFF292B349D2A00132C85 /* AppDelegate.swift */ = {isa = PBXFileReference; lastKnownFileType = sourcecode.swift; path = AppDelegate.swift; sourceTree = "<group>"; };
		F1CDFF2B2B349D2A00132C85 /* SceneDelegate.swift */ = {isa = PBXFileReference; lastKnownFileType = sourcecode.swift; path = SceneDelegate.swift; sourceTree = "<group>"; };
		F1CDFF332B349D2A00132C85 /* pra_ctica_iOSAvanzado.xcdatamodel */ = {isa = PBXFileReference; lastKnownFileType = wrapper.xcdatamodel; path = pra_ctica_iOSAvanzado.xcdatamodel; sourceTree = "<group>"; };
		F1CDFF352B349D2B00132C85 /* Assets.xcassets */ = {isa = PBXFileReference; lastKnownFileType = folder.assetcatalog; path = Assets.xcassets; sourceTree = "<group>"; };
		F1CDFF382B349D2B00132C85 /* Base */ = {isa = PBXFileReference; lastKnownFileType = file.storyboard; name = Base; path = Base.lproj/LaunchScreen.storyboard; sourceTree = "<group>"; };
		F1CDFF3A2B349D2B00132C85 /* Info.plist */ = {isa = PBXFileReference; lastKnownFileType = text.plist.xml; path = Info.plist; sourceTree = "<group>"; };
		F1CDFF3F2B349D2C00132C85 /* practicaiOSAvanzadoTests.xctest */ = {isa = PBXFileReference; explicitFileType = wrapper.cfbundle; includeInIndex = 0; path = practicaiOSAvanzadoTests.xctest; sourceTree = BUILT_PRODUCTS_DIR; };
		F1CDFF432B349D2C00132C85 /* PracticaiOSAvanzadoTests.swift */ = {isa = PBXFileReference; lastKnownFileType = sourcecode.swift; path = PracticaiOSAvanzadoTests.swift; sourceTree = "<group>"; };
		F1CDFF492B349D2C00132C85 /* practicaiOSAvanzadoUITests.xctest */ = {isa = PBXFileReference; explicitFileType = wrapper.cfbundle; includeInIndex = 0; path = practicaiOSAvanzadoUITests.xctest; sourceTree = BUILT_PRODUCTS_DIR; };
		F1CDFF4D2B349D2C00132C85 /* practicaiOSAvanzadoTests.swift */ = {isa = PBXFileReference; lastKnownFileType = sourcecode.swift; path = practicaiOSAvanzadoTests.swift; sourceTree = "<group>"; };
		F1CDFF4F2B349D2C00132C85 /* practicaiOSAvanzadoUITestsLaunchTests.swift */ = {isa = PBXFileReference; lastKnownFileType = sourcecode.swift; path = practicaiOSAvanzadoUITestsLaunchTests.swift; sourceTree = "<group>"; };
		F1CDFF662B34B88D00132C85 /* HerosList.storyboard */ = {isa = PBXFileReference; lastKnownFileType = file.storyboard; path = HerosList.storyboard; sourceTree = "<group>"; };
		F1CDFF682B34B89C00132C85 /* HerosListViewController.swift */ = {isa = PBXFileReference; lastKnownFileType = sourcecode.swift; path = HerosListViewController.swift; sourceTree = "<group>"; };
		F1CDFF772B34BFA800132C85 /* DragonBallZNetwork.swift */ = {isa = PBXFileReference; lastKnownFileType = sourcecode.swift; path = DragonBallZNetwork.swift; sourceTree = "<group>"; };
		F1CDFF7C2B34C49700132C85 /* Keychain.swift */ = {isa = PBXFileReference; lastKnownFileType = sourcecode.swift; path = Keychain.swift; sourceTree = "<group>"; };
		F1CDFF812B34D94400132C85 /* Hero.swift */ = {isa = PBXFileReference; lastKnownFileType = sourcecode.swift; path = Hero.swift; sourceTree = "<group>"; };
		F1CDFF8E2B3509A800132C85 /* LoginViewController.swift */ = {isa = PBXFileReference; lastKnownFileType = sourcecode.swift; path = LoginViewController.swift; sourceTree = "<group>"; };
		F1CDFF912B35D58E00132C85 /* HerosListViewModel.swift */ = {isa = PBXFileReference; lastKnownFileType = sourcecode.swift; path = HerosListViewModel.swift; sourceTree = "<group>"; };
		F1CDFF942B35D90A00132C85 /* LoginViewModel.swift */ = {isa = PBXFileReference; lastKnownFileType = sourcecode.swift; path = LoginViewModel.swift; sourceTree = "<group>"; };
		F1CDFF962B379D0A00132C85 /* DataBase.swift */ = {isa = PBXFileReference; lastKnownFileType = sourcecode.swift; path = DataBase.swift; sourceTree = "<group>"; };
		F1CDFFA92B3A4D9B00132C85 /* Login.storyboard */ = {isa = PBXFileReference; fileEncoding = 4; lastKnownFileType = file.storyboard; path = Login.storyboard; sourceTree = "<group>"; };
/* End PBXFileReference section */

/* Begin PBXFrameworksBuildPhase section */
		F1CDFF232B349D2A00132C85 /* Frameworks */ = {
			isa = PBXFrameworksBuildPhase;
			buildActionMask = 2147483647;
			files = (
				F1CDFF7B2B34C46E00132C85 /* KeychainSwift in Frameworks */,
			);
			runOnlyForDeploymentPostprocessing = 0;
		};
		F1CDFF3C2B349D2C00132C85 /* Frameworks */ = {
			isa = PBXFrameworksBuildPhase;
			buildActionMask = 2147483647;
			files = (
			);
			runOnlyForDeploymentPostprocessing = 0;
		};
		F1CDFF462B349D2C00132C85 /* Frameworks */ = {
			isa = PBXFrameworksBuildPhase;
			buildActionMask = 2147483647;
			files = (
			);
			runOnlyForDeploymentPostprocessing = 0;
		};
/* End PBXFrameworksBuildPhase section */

/* Begin PBXGroup section */
		F112BCA02B4E1A8B00198E11 /* Entities */ = {
			isa = PBXGroup;
			children = (
				F158BDB72B4E5565009903F2 /* HeroEntity.swift */,
				F158BDB92B509AE8009903F2 /* HeroAnnotationEntity.swift */,
			);
			path = Entities;
			sourceTree = "<group>";
		};
		F158BDAF2B4E43F7009903F2 /* EntitiesTransformers */ = {
			isa = PBXGroup;
			children = (
				F158BDB02B4E4426009903F2 /* UIImageTransformer.swift */,
			);
			path = EntitiesTransformers;
			sourceTree = "<group>";
		};
		F1B44DBA2B46314D0014EDA9 /* HeroAnnotation */ = {
			isa = PBXGroup;
			children = (
				F1B44DB62B4621500014EDA9 /* HeroAnnotation.swift */,
			);
			path = HeroAnnotation;
			sourceTree = "<group>";
		};
		F1CDFF1D2B349D2A00132C85 = {
			isa = PBXGroup;
			children = (
				F1CDFF282B349D2A00132C85 /* practicaiOSAvanzado */,
				F1CDFF422B349D2C00132C85 /* práctica-iOSAvanzadoTests */,
				F1CDFF4C2B349D2C00132C85 /* práctica-iOSAvanzadoUITests */,
				F1CDFF272B349D2A00132C85 /* Products */,
			);
			sourceTree = "<group>";
		};
		F1CDFF272B349D2A00132C85 /* Products */ = {
			isa = PBXGroup;
			children = (
				F1CDFF262B349D2A00132C85 /* practicaiOSAvanzado.app */,
				F1CDFF3F2B349D2C00132C85 /* practicaiOSAvanzadoTests.xctest */,
				F1CDFF492B349D2C00132C85 /* practicaiOSAvanzadoUITests.xctest */,
			);
			name = Products;
			sourceTree = "<group>";
		};
		F1CDFF282B349D2A00132C85 /* practicaiOSAvanzado */ = {
			isa = PBXGroup;
			children = (
				F1CDFF5E2B34A9BE00132C85 /* Presentation */,
				F1CDFF5D2B34A9B100132C85 /* App */,
				F1CDFF7E2B34D92300132C85 /* Domain */,
				F1CDFF5F2B34A9CC00132C85 /* Data */,
				F1CDFF5C2B34A9A500132C85 /* Resources */,
				F1CDFF3A2B349D2B00132C85 /* Info.plist */,
			);
			path = practicaiOSAvanzado;
			sourceTree = "<group>";
		};
		F1CDFF422B349D2C00132C85 /* práctica-iOSAvanzadoTests */ = {
			isa = PBXGroup;
			children = (
				F1CDFF432B349D2C00132C85 /* PracticaiOSAvanzadoTests.swift */,
			);
			path = "práctica-iOSAvanzadoTests";
			sourceTree = "<group>";
		};
		F1CDFF4C2B349D2C00132C85 /* práctica-iOSAvanzadoUITests */ = {
			isa = PBXGroup;
			children = (
				F1CDFF4D2B349D2C00132C85 /* practicaiOSAvanzadoTests.swift */,
				F1CDFF4F2B349D2C00132C85 /* practicaiOSAvanzadoUITestsLaunchTests.swift */,
			);
			path = "práctica-iOSAvanzadoUITests";
			sourceTree = "<group>";
		};
		F1CDFF5C2B34A9A500132C85 /* Resources */ = {
			isa = PBXGroup;
			children = (
				F1CDFF352B349D2B00132C85 /* Assets.xcassets */,
			);
			path = Resources;
			sourceTree = "<group>";
		};
		F1CDFF5D2B34A9B100132C85 /* App */ = {
			isa = PBXGroup;
			children = (
				F1CDFF292B349D2A00132C85 /* AppDelegate.swift */,
				F1CDFF2B2B349D2A00132C85 /* SceneDelegate.swift */,
			);
			path = App;
			sourceTree = "<group>";
		};
		F1CDFF5E2B34A9BE00132C85 /* Presentation */ = {
			isa = PBXGroup;
			children = (
				F1CDFF622B34AA7100132C85 /* LaunchScreen */,
				F1CDFF8A2B35098800132C85 /* Login */,
				F1CDFF642B34AA8600132C85 /* HerosList */,
			);
			path = Presentation;
			sourceTree = "<group>";
		};
		F1CDFF5F2B34A9CC00132C85 /* Data */ = {
			isa = PBXGroup;
			children = (
				F1CDFF612B34A9D400132C85 /* Api */,
				F1CDFF602B34A9D000132C85 /* Local */,
			);
			path = Data;
			sourceTree = "<group>";
		};
		F1CDFF602B34A9D000132C85 /* Local */ = {
			isa = PBXGroup;
			children = (
				F1CDFF322B349D2A00132C85 /* practicaiOSAvanzado.xcdatamodeld */,
				F1CDFF962B379D0A00132C85 /* DataBase.swift */,
				F1CDFF7C2B34C49700132C85 /* Keychain.swift */,
			);
			path = Local;
			sourceTree = "<group>";
		};
		F1CDFF612B34A9D400132C85 /* Api */ = {
			isa = PBXGroup;
			children = (
				F1CDFF772B34BFA800132C85 /* DragonBallZNetwork.swift */,
			);
			path = Api;
			sourceTree = "<group>";
		};
		F1CDFF622B34AA7100132C85 /* LaunchScreen */ = {
			isa = PBXGroup;
			children = (
				F1CDFF632B34AA7E00132C85 /* View */,
			);
			path = LaunchScreen;
			sourceTree = "<group>";
		};
		F1CDFF632B34AA7E00132C85 /* View */ = {
			isa = PBXGroup;
			children = (
				F1CDFF372B349D2B00132C85 /* LaunchScreen.storyboard */,
			);
			path = View;
			sourceTree = "<group>";
		};
		F1CDFF642B34AA8600132C85 /* HerosList */ = {
			isa = PBXGroup;
			children = (
				F1CDFFA12B3A0AEA00132C85 /* HerosListCell */,
				F1CDFF652B34AAD800132C85 /* View */,
				F1CDFF902B35D57600132C85 /* ViewModel */,
			);
			path = HerosList;
			sourceTree = "<group>";
		};
		F1CDFF652B34AAD800132C85 /* View */ = {
			isa = PBXGroup;
			children = (
				F1B44DBA2B46314D0014EDA9 /* HeroAnnotation */,
				F1CDFF662B34B88D00132C85 /* HerosList.storyboard */,
				F1CDFF682B34B89C00132C85 /* HerosListViewController.swift */,
			);
			path = View;
			sourceTree = "<group>";
		};
		F1CDFF7E2B34D92300132C85 /* Domain */ = {
			isa = PBXGroup;
			children = (
				F158BDAF2B4E43F7009903F2 /* EntitiesTransformers */,
				F112BCA02B4E1A8B00198E11 /* Entities */,
				F1CDFF7F2B34D92D00132C85 /* Models */,
			);
			path = Domain;
			sourceTree = "<group>";
		};
		F1CDFF7F2B34D92D00132C85 /* Models */ = {
			isa = PBXGroup;
			children = (
				F1CDFF812B34D94400132C85 /* Hero.swift */,
				F1B44DB82B4626B80014EDA9 /* HeroLocation.swift */,
			);
			path = Models;
			sourceTree = "<group>";
		};
		F1CDFF8A2B35098800132C85 /* Login */ = {
			isa = PBXGroup;
			children = (
				F1CDFF8B2B35099400132C85 /* View */,
				F1CDFF932B35D8FD00132C85 /* ViewModel */,
			);
			path = Login;
			sourceTree = "<group>";
		};
		F1CDFF8B2B35099400132C85 /* View */ = {
			isa = PBXGroup;
			children = (
				F1CDFFA92B3A4D9B00132C85 /* Login.storyboard */,
				F1CDFF8E2B3509A800132C85 /* LoginViewController.swift */,
			);
			path = View;
			sourceTree = "<group>";
		};
		F1CDFF902B35D57600132C85 /* ViewModel */ = {
			isa = PBXGroup;
			children = (
				F1CDFF912B35D58E00132C85 /* HerosListViewModel.swift */,
			);
			path = ViewModel;
			sourceTree = "<group>";
		};
		F1CDFF932B35D8FD00132C85 /* ViewModel */ = {
			isa = PBXGroup;
			children = (
				F1CDFF942B35D90A00132C85 /* LoginViewModel.swift */,
			);
			path = ViewModel;
			sourceTree = "<group>";
		};
		F1CDFFA12B3A0AEA00132C85 /* HerosListCell */ = {
			isa = PBXGroup;
			children = (
				F1CDFFA22B3A0AF600132C85 /* View */,
			);
			path = HerosListCell;
			sourceTree = "<group>";
		};
		F1CDFFA22B3A0AF600132C85 /* View */ = {
			isa = PBXGroup;
			children = (
				F1B44DB42B4617090014EDA9 /* HerosListCell.swift */,
				F1B44DB22B4617000014EDA9 /* HerosListCell.xib */,
			);
			path = View;
			sourceTree = "<group>";
		};
/* End PBXGroup section */

/* Begin PBXNativeTarget section */
		F1CDFF252B349D2A00132C85 /* practicaiOSAvanzado */ = {
			isa = PBXNativeTarget;
			buildConfigurationList = F1CDFF532B349D2C00132C85 /* Build configuration list for PBXNativeTarget "practicaiOSAvanzado" */;
			buildPhases = (
				F1CDFF222B349D2A00132C85 /* Sources */,
				F1CDFF232B349D2A00132C85 /* Frameworks */,
				F1CDFF242B349D2A00132C85 /* Resources */,
			);
			buildRules = (
			);
			dependencies = (
			);
			name = practicaiOSAvanzado;
			packageProductDependencies = (
				F1CDFF7A2B34C46E00132C85 /* KeychainSwift */,
			);
			productName = "práctica-iOSAvanzado";
			productReference = F1CDFF262B349D2A00132C85 /* practicaiOSAvanzado.app */;
			productType = "com.apple.product-type.application";
		};
		F1CDFF3E2B349D2C00132C85 /* practicaiOSAvanzadoTests */ = {
			isa = PBXNativeTarget;
			buildConfigurationList = F1CDFF562B349D2C00132C85 /* Build configuration list for PBXNativeTarget "practicaiOSAvanzadoTests" */;
			buildPhases = (
				F1CDFF3B2B349D2C00132C85 /* Sources */,
				F1CDFF3C2B349D2C00132C85 /* Frameworks */,
				F1CDFF3D2B349D2C00132C85 /* Resources */,
			);
			buildRules = (
			);
			dependencies = (
				F1CDFF412B349D2C00132C85 /* PBXTargetDependency */,
			);
			name = practicaiOSAvanzadoTests;
			productName = "práctica-iOSAvanzadoTests";
			productReference = F1CDFF3F2B349D2C00132C85 /* practicaiOSAvanzadoTests.xctest */;
			productType = "com.apple.product-type.bundle.unit-test";
		};
		F1CDFF482B349D2C00132C85 /* practicaiOSAvanzadoUITests */ = {
			isa = PBXNativeTarget;
			buildConfigurationList = F1CDFF592B349D2C00132C85 /* Build configuration list for PBXNativeTarget "practicaiOSAvanzadoUITests" */;
			buildPhases = (
				F1CDFF452B349D2C00132C85 /* Sources */,
				F1CDFF462B349D2C00132C85 /* Frameworks */,
				F1CDFF472B349D2C00132C85 /* Resources */,
			);
			buildRules = (
			);
			dependencies = (
				F1CDFF4B2B349D2C00132C85 /* PBXTargetDependency */,
			);
			name = practicaiOSAvanzadoUITests;
			productName = "práctica-iOSAvanzadoUITests";
			productReference = F1CDFF492B349D2C00132C85 /* practicaiOSAvanzadoUITests.xctest */;
			productType = "com.apple.product-type.bundle.ui-testing";
		};
/* End PBXNativeTarget section */

/* Begin PBXProject section */
		F1CDFF1E2B349D2A00132C85 /* Project object */ = {
			isa = PBXProject;
			attributes = {
				BuildIndependentTargetsInParallel = 1;
				LastSwiftUpdateCheck = 1510;
				LastUpgradeCheck = 1510;
				TargetAttributes = {
					F1CDFF252B349D2A00132C85 = {
						CreatedOnToolsVersion = 15.1;
					};
					F1CDFF3E2B349D2C00132C85 = {
						CreatedOnToolsVersion = 15.1;
						TestTargetID = F1CDFF252B349D2A00132C85;
					};
					F1CDFF482B349D2C00132C85 = {
						CreatedOnToolsVersion = 15.1;
						TestTargetID = F1CDFF252B349D2A00132C85;
					};
				};
			};
			buildConfigurationList = F1CDFF212B349D2A00132C85 /* Build configuration list for PBXProject "practicaiOSAvanzado" */;
			compatibilityVersion = "Xcode 14.0";
			developmentRegion = en;
			hasScannedForEncodings = 0;
			knownRegions = (
				en,
				Base,
			);
			mainGroup = F1CDFF1D2B349D2A00132C85;
			packageReferences = (
				F1CDFF792B34C46E00132C85 /* XCRemoteSwiftPackageReference "keychain-swift" */,
			);
			productRefGroup = F1CDFF272B349D2A00132C85 /* Products */;
			projectDirPath = "";
			projectRoot = "";
			targets = (
				F1CDFF252B349D2A00132C85 /* practicaiOSAvanzado */,
				F1CDFF3E2B349D2C00132C85 /* practicaiOSAvanzadoTests */,
				F1CDFF482B349D2C00132C85 /* practicaiOSAvanzadoUITests */,
			);
		};
/* End PBXProject section */

/* Begin PBXResourcesBuildPhase section */
		F1CDFF242B349D2A00132C85 /* Resources */ = {
			isa = PBXResourcesBuildPhase;
			buildActionMask = 2147483647;
			files = (
				F1CDFF392B349D2B00132C85 /* LaunchScreen.storyboard in Resources */,
				F1CDFF672B34B88D00132C85 /* HerosList.storyboard in Resources */,
				F1B44DB32B4617000014EDA9 /* HerosListCell.xib in Resources */,
				F1CDFFAA2B3A4D9B00132C85 /* Login.storyboard in Resources */,
				F1CDFF362B349D2B00132C85 /* Assets.xcassets in Resources */,
			);
			runOnlyForDeploymentPostprocessing = 0;
		};
		F1CDFF3D2B349D2C00132C85 /* Resources */ = {
			isa = PBXResourcesBuildPhase;
			buildActionMask = 2147483647;
			files = (
			);
			runOnlyForDeploymentPostprocessing = 0;
		};
		F1CDFF472B349D2C00132C85 /* Resources */ = {
			isa = PBXResourcesBuildPhase;
			buildActionMask = 2147483647;
			files = (
			);
			runOnlyForDeploymentPostprocessing = 0;
		};
/* End PBXResourcesBuildPhase section */

/* Begin PBXSourcesBuildPhase section */
		F1CDFF222B349D2A00132C85 /* Sources */ = {
			isa = PBXSourcesBuildPhase;
			buildActionMask = 2147483647;
			files = (
				F1CDFF692B34B89C00132C85 /* HerosListViewController.swift in Sources */,
				F1CDFF8F2B3509A800132C85 /* LoginViewController.swift in Sources */,
				F1CDFF2A2B349D2A00132C85 /* AppDelegate.swift in Sources */,
				F1B44DB72B4621500014EDA9 /* HeroAnnotation.swift in Sources */,
				F1B44DB52B4617090014EDA9 /* HerosListCell.swift in Sources */,
				F1CDFF782B34BFA800132C85 /* DragonBallZNetwork.swift in Sources */,
				F158BDB12B4E4426009903F2 /* UIImageTransformer.swift in Sources */,
				F1CDFF822B34D94400132C85 /* Hero.swift in Sources */,
				F1CDFF342B349D2A00132C85 /* practicaiOSAvanzado.xcdatamodeld in Sources */,
				F1B44DB92B4626B80014EDA9 /* HeroLocation.swift in Sources */,
				F158BDB82B4E5565009903F2 /* HeroEntity.swift in Sources */,
				F158BDBA2B509AE8009903F2 /* HeroAnnotationEntity.swift in Sources */,
				F1CDFF972B379D0A00132C85 /* DataBase.swift in Sources */,
				F1CDFF2C2B349D2A00132C85 /* SceneDelegate.swift in Sources */,
				F1CDFF922B35D58E00132C85 /* HerosListViewModel.swift in Sources */,
				F1CDFF952B35D90A00132C85 /* LoginViewModel.swift in Sources */,
				F1CDFF7D2B34C49700132C85 /* Keychain.swift in Sources */,
			);
			runOnlyForDeploymentPostprocessing = 0;
		};
		F1CDFF3B2B349D2C00132C85 /* Sources */ = {
			isa = PBXSourcesBuildPhase;
			buildActionMask = 2147483647;
			files = (
				F1CDFF442B349D2C00132C85 /* PracticaiOSAvanzadoTests.swift in Sources */,
			);
			runOnlyForDeploymentPostprocessing = 0;
		};
		F1CDFF452B349D2C00132C85 /* Sources */ = {
			isa = PBXSourcesBuildPhase;
			buildActionMask = 2147483647;
			files = (
				F1CDFF4E2B349D2C00132C85 /* practicaiOSAvanzadoTests.swift in Sources */,
				F1CDFF502B349D2C00132C85 /* practicaiOSAvanzadoUITestsLaunchTests.swift in Sources */,
			);
			runOnlyForDeploymentPostprocessing = 0;
		};
/* End PBXSourcesBuildPhase section */

/* Begin PBXTargetDependency section */
		F1CDFF412B349D2C00132C85 /* PBXTargetDependency */ = {
			isa = PBXTargetDependency;
			target = F1CDFF252B349D2A00132C85 /* practicaiOSAvanzado */;
			targetProxy = F1CDFF402B349D2C00132C85 /* PBXContainerItemProxy */;
		};
		F1CDFF4B2B349D2C00132C85 /* PBXTargetDependency */ = {
			isa = PBXTargetDependency;
			target = F1CDFF252B349D2A00132C85 /* practicaiOSAvanzado */;
			targetProxy = F1CDFF4A2B349D2C00132C85 /* PBXContainerItemProxy */;
		};
/* End PBXTargetDependency section */

/* Begin PBXVariantGroup section */
		F1CDFF372B349D2B00132C85 /* LaunchScreen.storyboard */ = {
			isa = PBXVariantGroup;
			children = (
				F1CDFF382B349D2B00132C85 /* Base */,
			);
			name = LaunchScreen.storyboard;
			sourceTree = "<group>";
		};
/* End PBXVariantGroup section */

/* Begin XCBuildConfiguration section */
		F1CDFF512B349D2C00132C85 /* Debug */ = {
			isa = XCBuildConfiguration;
			buildSettings = {
				ALWAYS_SEARCH_USER_PATHS = NO;
				ASSETCATALOG_COMPILER_GENERATE_SWIFT_ASSET_SYMBOL_EXTENSIONS = YES;
				CLANG_ANALYZER_NONNULL = YES;
				CLANG_ANALYZER_NUMBER_OBJECT_CONVERSION = YES_AGGRESSIVE;
				CLANG_CXX_LANGUAGE_STANDARD = "gnu++20";
				CLANG_ENABLE_MODULES = YES;
				CLANG_ENABLE_OBJC_ARC = YES;
				CLANG_ENABLE_OBJC_WEAK = YES;
				CLANG_WARN_BLOCK_CAPTURE_AUTORELEASING = YES;
				CLANG_WARN_BOOL_CONVERSION = YES;
				CLANG_WARN_COMMA = YES;
				CLANG_WARN_CONSTANT_CONVERSION = YES;
				CLANG_WARN_DEPRECATED_OBJC_IMPLEMENTATIONS = YES;
				CLANG_WARN_DIRECT_OBJC_ISA_USAGE = YES_ERROR;
				CLANG_WARN_DOCUMENTATION_COMMENTS = YES;
				CLANG_WARN_EMPTY_BODY = YES;
				CLANG_WARN_ENUM_CONVERSION = YES;
				CLANG_WARN_INFINITE_RECURSION = YES;
				CLANG_WARN_INT_CONVERSION = YES;
				CLANG_WARN_NON_LITERAL_NULL_CONVERSION = YES;
				CLANG_WARN_OBJC_IMPLICIT_RETAIN_SELF = YES;
				CLANG_WARN_OBJC_LITERAL_CONVERSION = YES;
				CLANG_WARN_OBJC_ROOT_CLASS = YES_ERROR;
				CLANG_WARN_QUOTED_INCLUDE_IN_FRAMEWORK_HEADER = YES;
				CLANG_WARN_RANGE_LOOP_ANALYSIS = YES;
				CLANG_WARN_STRICT_PROTOTYPES = YES;
				CLANG_WARN_SUSPICIOUS_MOVE = YES;
				CLANG_WARN_UNGUARDED_AVAILABILITY = YES_AGGRESSIVE;
				CLANG_WARN_UNREACHABLE_CODE = YES;
				CLANG_WARN__DUPLICATE_METHOD_MATCH = YES;
				COPY_PHASE_STRIP = NO;
				DEBUG_INFORMATION_FORMAT = dwarf;
				ENABLE_STRICT_OBJC_MSGSEND = YES;
				ENABLE_TESTABILITY = YES;
				ENABLE_USER_SCRIPT_SANDBOXING = YES;
				GCC_C_LANGUAGE_STANDARD = gnu17;
				GCC_DYNAMIC_NO_PIC = NO;
				GCC_NO_COMMON_BLOCKS = YES;
				GCC_OPTIMIZATION_LEVEL = 0;
				GCC_PREPROCESSOR_DEFINITIONS = (
					"DEBUG=1",
					"$(inherited)",
				);
				GCC_WARN_64_TO_32_BIT_CONVERSION = YES;
				GCC_WARN_ABOUT_RETURN_TYPE = YES_ERROR;
				GCC_WARN_UNDECLARED_SELECTOR = YES;
				GCC_WARN_UNINITIALIZED_AUTOS = YES_AGGRESSIVE;
				GCC_WARN_UNUSED_FUNCTION = YES;
				GCC_WARN_UNUSED_VARIABLE = YES;
				IPHONEOS_DEPLOYMENT_TARGET = 17.2;
				LOCALIZATION_PREFERS_STRING_CATALOGS = YES;
				MTL_ENABLE_DEBUG_INFO = INCLUDE_SOURCE;
				MTL_FAST_MATH = YES;
				ONLY_ACTIVE_ARCH = YES;
				SDKROOT = iphoneos;
				SWIFT_ACTIVE_COMPILATION_CONDITIONS = "DEBUG $(inherited)";
				SWIFT_OPTIMIZATION_LEVEL = "-Onone";
			};
			name = Debug;
		};
		F1CDFF522B349D2C00132C85 /* Release */ = {
			isa = XCBuildConfiguration;
			buildSettings = {
				ALWAYS_SEARCH_USER_PATHS = NO;
				ASSETCATALOG_COMPILER_GENERATE_SWIFT_ASSET_SYMBOL_EXTENSIONS = YES;
				CLANG_ANALYZER_NONNULL = YES;
				CLANG_ANALYZER_NUMBER_OBJECT_CONVERSION = YES_AGGRESSIVE;
				CLANG_CXX_LANGUAGE_STANDARD = "gnu++20";
				CLANG_ENABLE_MODULES = YES;
				CLANG_ENABLE_OBJC_ARC = YES;
				CLANG_ENABLE_OBJC_WEAK = YES;
				CLANG_WARN_BLOCK_CAPTURE_AUTORELEASING = YES;
				CLANG_WARN_BOOL_CONVERSION = YES;
				CLANG_WARN_COMMA = YES;
				CLANG_WARN_CONSTANT_CONVERSION = YES;
				CLANG_WARN_DEPRECATED_OBJC_IMPLEMENTATIONS = YES;
				CLANG_WARN_DIRECT_OBJC_ISA_USAGE = YES_ERROR;
				CLANG_WARN_DOCUMENTATION_COMMENTS = YES;
				CLANG_WARN_EMPTY_BODY = YES;
				CLANG_WARN_ENUM_CONVERSION = YES;
				CLANG_WARN_INFINITE_RECURSION = YES;
				CLANG_WARN_INT_CONVERSION = YES;
				CLANG_WARN_NON_LITERAL_NULL_CONVERSION = YES;
				CLANG_WARN_OBJC_IMPLICIT_RETAIN_SELF = YES;
				CLANG_WARN_OBJC_LITERAL_CONVERSION = YES;
				CLANG_WARN_OBJC_ROOT_CLASS = YES_ERROR;
				CLANG_WARN_QUOTED_INCLUDE_IN_FRAMEWORK_HEADER = YES;
				CLANG_WARN_RANGE_LOOP_ANALYSIS = YES;
				CLANG_WARN_STRICT_PROTOTYPES = YES;
				CLANG_WARN_SUSPICIOUS_MOVE = YES;
				CLANG_WARN_UNGUARDED_AVAILABILITY = YES_AGGRESSIVE;
				CLANG_WARN_UNREACHABLE_CODE = YES;
				CLANG_WARN__DUPLICATE_METHOD_MATCH = YES;
				COPY_PHASE_STRIP = NO;
				DEBUG_INFORMATION_FORMAT = "dwarf-with-dsym";
				ENABLE_NS_ASSERTIONS = NO;
				ENABLE_STRICT_OBJC_MSGSEND = YES;
				ENABLE_USER_SCRIPT_SANDBOXING = YES;
				GCC_C_LANGUAGE_STANDARD = gnu17;
				GCC_NO_COMMON_BLOCKS = YES;
				GCC_WARN_64_TO_32_BIT_CONVERSION = YES;
				GCC_WARN_ABOUT_RETURN_TYPE = YES_ERROR;
				GCC_WARN_UNDECLARED_SELECTOR = YES;
				GCC_WARN_UNINITIALIZED_AUTOS = YES_AGGRESSIVE;
				GCC_WARN_UNUSED_FUNCTION = YES;
				GCC_WARN_UNUSED_VARIABLE = YES;
				IPHONEOS_DEPLOYMENT_TARGET = 17.2;
				LOCALIZATION_PREFERS_STRING_CATALOGS = YES;
				MTL_ENABLE_DEBUG_INFO = NO;
				MTL_FAST_MATH = YES;
				SDKROOT = iphoneos;
				SWIFT_COMPILATION_MODE = wholemodule;
				VALIDATE_PRODUCT = YES;
			};
			name = Release;
		};
		F1CDFF542B349D2C00132C85 /* Debug */ = {
			isa = XCBuildConfiguration;
			buildSettings = {
				ASSETCATALOG_COMPILER_APPICON_NAME = AppIcon;
				ASSETCATALOG_COMPILER_GLOBAL_ACCENT_COLOR_NAME = AccentColor;
				CODE_SIGN_STYLE = Automatic;
				CURRENT_PROJECT_VERSION = 1;
				DEVELOPMENT_TEAM = 2V6HX2J9BY;
				GENERATE_INFOPLIST_FILE = YES;
				INFOPLIST_FILE = practicaiOSAvanzado/Info.plist;
				INFOPLIST_KEY_LSApplicationCategoryType = "";
				INFOPLIST_KEY_UIApplicationSupportsIndirectInputEvents = YES;
				INFOPLIST_KEY_UILaunchStoryboardName = LaunchScreen;
				INFOPLIST_KEY_UISupportedInterfaceOrientations_iPad = "UIInterfaceOrientationPortrait UIInterfaceOrientationPortraitUpsideDown UIInterfaceOrientationLandscapeLeft UIInterfaceOrientationLandscapeRight";
				INFOPLIST_KEY_UISupportedInterfaceOrientations_iPhone = "UIInterfaceOrientationPortrait UIInterfaceOrientationLandscapeLeft UIInterfaceOrientationLandscapeRight";
				LD_RUNPATH_SEARCH_PATHS = (
					"$(inherited)",
					"@executable_path/Frameworks",
				);
				MARKETING_VERSION = 1.0;
				PRODUCT_BUNDLE_IDENTIFIER = "Organizacio-n-de-Cristian.pra-ctica-iOSAvanzado";
				PRODUCT_NAME = "$(TARGET_NAME)";
				SWIFT_EMIT_LOC_STRINGS = YES;
				SWIFT_VERSION = 5.0;
				TARGETED_DEVICE_FAMILY = "1,2";
			};
			name = Debug;
		};
		F1CDFF552B349D2C00132C85 /* Release */ = {
			isa = XCBuildConfiguration;
			buildSettings = {
				ASSETCATALOG_COMPILER_APPICON_NAME = AppIcon;
				ASSETCATALOG_COMPILER_GLOBAL_ACCENT_COLOR_NAME = AccentColor;
				CODE_SIGN_STYLE = Automatic;
				CURRENT_PROJECT_VERSION = 1;
				DEVELOPMENT_TEAM = 2V6HX2J9BY;
				GENERATE_INFOPLIST_FILE = YES;
				INFOPLIST_FILE = practicaiOSAvanzado/Info.plist;
				INFOPLIST_KEY_LSApplicationCategoryType = "";
				INFOPLIST_KEY_UIApplicationSupportsIndirectInputEvents = YES;
				INFOPLIST_KEY_UILaunchStoryboardName = LaunchScreen;
				INFOPLIST_KEY_UISupportedInterfaceOrientations_iPad = "UIInterfaceOrientationPortrait UIInterfaceOrientationPortraitUpsideDown UIInterfaceOrientationLandscapeLeft UIInterfaceOrientationLandscapeRight";
				INFOPLIST_KEY_UISupportedInterfaceOrientations_iPhone = "UIInterfaceOrientationPortrait UIInterfaceOrientationLandscapeLeft UIInterfaceOrientationLandscapeRight";
				LD_RUNPATH_SEARCH_PATHS = (
					"$(inherited)",
					"@executable_path/Frameworks",
				);
				MARKETING_VERSION = 1.0;
				PRODUCT_BUNDLE_IDENTIFIER = "Organizacio-n-de-Cristian.pra-ctica-iOSAvanzado";
				PRODUCT_NAME = "$(TARGET_NAME)";
				SWIFT_EMIT_LOC_STRINGS = YES;
				SWIFT_VERSION = 5.0;
				TARGETED_DEVICE_FAMILY = "1,2";
			};
			name = Release;
		};
		F1CDFF572B349D2C00132C85 /* Debug */ = {
			isa = XCBuildConfiguration;
			buildSettings = {
				ALWAYS_EMBED_SWIFT_STANDARD_LIBRARIES = YES;
				BUNDLE_LOADER = "$(TEST_HOST)";
				CODE_SIGN_STYLE = Automatic;
				CURRENT_PROJECT_VERSION = 1;
				DEVELOPMENT_TEAM = 2V6HX2J9BY;
				GENERATE_INFOPLIST_FILE = YES;
				IPHONEOS_DEPLOYMENT_TARGET = 17.2;
				MARKETING_VERSION = 1.0;
				PRODUCT_BUNDLE_IDENTIFIER = "Organizacio-n-de-Cristian.pra-ctica-iOSAvanzadoTests";
				PRODUCT_NAME = "$(TARGET_NAME)";
				SWIFT_EMIT_LOC_STRINGS = NO;
				SWIFT_VERSION = 5.0;
				TARGETED_DEVICE_FAMILY = "1,2";
				TEST_HOST = "$(BUILT_PRODUCTS_DIR)/practicaiOSAvanzado.app/$(BUNDLE_EXECUTABLE_FOLDER_PATH)/practicaiOSAvanzado";
			};
			name = Debug;
		};
		F1CDFF582B349D2C00132C85 /* Release */ = {
			isa = XCBuildConfiguration;
			buildSettings = {
				ALWAYS_EMBED_SWIFT_STANDARD_LIBRARIES = YES;
				BUNDLE_LOADER = "$(TEST_HOST)";
				CODE_SIGN_STYLE = Automatic;
				CURRENT_PROJECT_VERSION = 1;
				DEVELOPMENT_TEAM = 2V6HX2J9BY;
				GENERATE_INFOPLIST_FILE = YES;
				IPHONEOS_DEPLOYMENT_TARGET = 17.2;
				MARKETING_VERSION = 1.0;
				PRODUCT_BUNDLE_IDENTIFIER = "Organizacio-n-de-Cristian.pra-ctica-iOSAvanzadoTests";
				PRODUCT_NAME = "$(TARGET_NAME)";
				SWIFT_EMIT_LOC_STRINGS = NO;
				SWIFT_VERSION = 5.0;
				TARGETED_DEVICE_FAMILY = "1,2";
				TEST_HOST = "$(BUILT_PRODUCTS_DIR)/practicaiOSAvanzado.app/$(BUNDLE_EXECUTABLE_FOLDER_PATH)/practicaiOSAvanzado";
			};
			name = Release;
		};
		F1CDFF5A2B349D2C00132C85 /* Debug */ = {
			isa = XCBuildConfiguration;
			buildSettings = {
				ALWAYS_EMBED_SWIFT_STANDARD_LIBRARIES = YES;
				CODE_SIGN_STYLE = Automatic;
				CURRENT_PROJECT_VERSION = 1;
				DEVELOPMENT_TEAM = 2V6HX2J9BY;
				GENERATE_INFOPLIST_FILE = YES;
				MARKETING_VERSION = 1.0;
				PRODUCT_BUNDLE_IDENTIFIER = "Organizacio-n-de-Cristian.pra-ctica-iOSAvanzadoUITests";
				PRODUCT_NAME = "$(TARGET_NAME)";
				SWIFT_EMIT_LOC_STRINGS = NO;
				SWIFT_VERSION = 5.0;
				TARGETED_DEVICE_FAMILY = "1,2";
				TEST_TARGET_NAME = practicaiOSAvanzado;
			};
			name = Debug;
		};
		F1CDFF5B2B349D2C00132C85 /* Release */ = {
			isa = XCBuildConfiguration;
			buildSettings = {
				ALWAYS_EMBED_SWIFT_STANDARD_LIBRARIES = YES;
				CODE_SIGN_STYLE = Automatic;
				CURRENT_PROJECT_VERSION = 1;
				DEVELOPMENT_TEAM = 2V6HX2J9BY;
				GENERATE_INFOPLIST_FILE = YES;
				MARKETING_VERSION = 1.0;
				PRODUCT_BUNDLE_IDENTIFIER = "Organizacio-n-de-Cristian.pra-ctica-iOSAvanzadoUITests";
				PRODUCT_NAME = "$(TARGET_NAME)";
				SWIFT_EMIT_LOC_STRINGS = NO;
				SWIFT_VERSION = 5.0;
				TARGETED_DEVICE_FAMILY = "1,2";
				TEST_TARGET_NAME = practicaiOSAvanzado;
			};
			name = Release;
		};
/* End XCBuildConfiguration section */

/* Begin XCConfigurationList section */
		F1CDFF212B349D2A00132C85 /* Build configuration list for PBXProject "practicaiOSAvanzado" */ = {
			isa = XCConfigurationList;
			buildConfigurations = (
				F1CDFF512B349D2C00132C85 /* Debug */,
				F1CDFF522B349D2C00132C85 /* Release */,
			);
			defaultConfigurationIsVisible = 0;
			defaultConfigurationName = Release;
		};
		F1CDFF532B349D2C00132C85 /* Build configuration list for PBXNativeTarget "practicaiOSAvanzado" */ = {
			isa = XCConfigurationList;
			buildConfigurations = (
				F1CDFF542B349D2C00132C85 /* Debug */,
				F1CDFF552B349D2C00132C85 /* Release */,
			);
			defaultConfigurationIsVisible = 0;
			defaultConfigurationName = Release;
		};
		F1CDFF562B349D2C00132C85 /* Build configuration list for PBXNativeTarget "practicaiOSAvanzadoTests" */ = {
			isa = XCConfigurationList;
			buildConfigurations = (
				F1CDFF572B349D2C00132C85 /* Debug */,
				F1CDFF582B349D2C00132C85 /* Release */,
			);
			defaultConfigurationIsVisible = 0;
			defaultConfigurationName = Release;
		};
		F1CDFF592B349D2C00132C85 /* Build configuration list for PBXNativeTarget "practicaiOSAvanzadoUITests" */ = {
			isa = XCConfigurationList;
			buildConfigurations = (
				F1CDFF5A2B349D2C00132C85 /* Debug */,
				F1CDFF5B2B349D2C00132C85 /* Release */,
			);
			defaultConfigurationIsVisible = 0;
			defaultConfigurationName = Release;
		};
/* End XCConfigurationList section */

/* Begin XCRemoteSwiftPackageReference section */
		F1CDFF792B34C46E00132C85 /* XCRemoteSwiftPackageReference "keychain-swift" */ = {
			isa = XCRemoteSwiftPackageReference;
			repositoryURL = "https://github.com/evgenyneu/keychain-swift.git";
			requirement = {
				kind = upToNextMajorVersion;
				minimumVersion = 20.0.0;
			};
		};
/* End XCRemoteSwiftPackageReference section */

/* Begin XCSwiftPackageProductDependency section */
		F1CDFF7A2B34C46E00132C85 /* KeychainSwift */ = {
			isa = XCSwiftPackageProductDependency;
			package = F1CDFF792B34C46E00132C85 /* XCRemoteSwiftPackageReference "keychain-swift" */;
			productName = KeychainSwift;
		};
/* End XCSwiftPackageProductDependency section */

/* Begin XCVersionGroup section */
		F1CDFF322B349D2A00132C85 /* practicaiOSAvanzado.xcdatamodeld */ = {
			isa = XCVersionGroup;
			children = (
				F1CDFF332B349D2A00132C85 /* pra_ctica_iOSAvanzado.xcdatamodel */,
			);
			currentVersion = F1CDFF332B349D2A00132C85 /* pra_ctica_iOSAvanzado.xcdatamodel */;
			path = practicaiOSAvanzado.xcdatamodeld;
			sourceTree = "<group>";
			versionGroupType = wrapper.xcdatamodel;
		};
/* End XCVersionGroup section */
	};
	rootObject = F1CDFF1E2B349D2A00132C85 /* Project object */;
}
